<?xml version="1.0" encoding="utf-8"?>
<Project ToolsVersion="4.0" xmlns="http://schemas.microsoft.com/developer/msbuild/2003">
  <ItemGroup>
    <ClCompile Include="..\..\src\glslUtility.cpp" />
    <ClCompile Include="..\..\src\image.cpp" />
    <ClCompile Include="..\..\src\main.cpp" />
    <ClCompile Include="..\..\src\scene.cpp" />
    <ClCompile Include="..\..\src\utilities.cpp" />
    <ClCompile Include="..\..\src\stb_image\stb_image.c">
      <Filter>stb_image</Filter>
    </ClCompile>
    <ClCompile Include="..\..\src\stb_image\stb_image_write.c">
      <Filter>stb_image</Filter>
    </ClCompile>
    <ClCompile Include="..\..\src\obj.cpp">
      <Filter>OBJ Loader</Filter>
    </ClCompile>
    <ClCompile Include="..\..\src\objloader.cpp">
      <Filter>OBJ Loader</Filter>
    </ClCompile>
  </ItemGroup>
  <ItemGroup>
    <ClInclude Include="..\..\src\cudaMat4.h" />
    <ClInclude Include="..\..\src\glslUtility.h" />
    <ClInclude Include="..\..\src\image.h" />
    <ClInclude Include="..\..\src\interactions.h" />
    <ClInclude Include="..\..\src\intersections.h" />
    <ClInclude Include="..\..\src\main.h" />
    <ClInclude Include="..\..\src\raytraceKernel.h" />
    <ClInclude Include="..\..\src\scene.h" />
    <ClInclude Include="..\..\src\sceneStructs.h" />
    <ClInclude Include="..\..\src\utilities.h" />
    <ClInclude Include="..\..\src\stb_image\stb_image_write.h">
      <Filter>stb_image</Filter>
    </ClInclude>
    <ClInclude Include="..\..\src\stb_image\stb_image.h">
      <Filter>stb_image</Filter>
    </ClInclude>
    <ClInclude Include="..\..\src\obj.h">
      <Filter>OBJ Loader</Filter>
    </ClInclude>
    <ClInclude Include="..\..\src\objloader.h">
      <Filter>OBJ Loader</Filter>
    </ClInclude>
  </ItemGroup>
  <ItemGroup>
    <Filter Include="stb_image">
      <UniqueIdentifier>{011aa553-95e8-4e59-b7ff-1bb89aebe21d}</UniqueIdentifier>
    </Filter>
    <Filter Include="Resource Files">
      <UniqueIdentifier>{4264a23b-e3ab-4947-acc4-4e29b9984c4b}</UniqueIdentifier>
    </Filter>
    <Filter Include="OBJ Loader">
      <UniqueIdentifier>{a701b79d-9abf-4e45-8070-302c89e05e77}</UniqueIdentifier>
    </Filter>
  </ItemGroup>
  <ItemGroup>
    <CudaCompile Include="..\..\src\raytraceKernel.cu" />
  </ItemGroup>
  <ItemGroup>
    <None Include="..\..\scenes\sampleScene.txt">
      <Filter>Resource Files</Filter>
    </None>
    <None Include="..\..\README.md">
      <Filter>Resource Files</Filter>
    </None>
    <None Include="..\..\scenes\sampleScene2.txt">
      <Filter>Resource Files</Filter>
    </None>
    <None Include="Junk.txt">
      <Filter>Resource Files</Filter>
    </None>
    <None Include="..\..\scenes\sampleScene3.txt">
      <Filter>Resource Files</Filter>
    </None>
    <None Include="..\..\scenes\sampleScene4.txt">
      <Filter>Resource Files</Filter>
    </None>
    <None Include="Interactions_Back_Up.txt">
      <Filter>Resource Files</Filter>
    </None>
    <None Include="..\..\scenes\sampleScene5.txt">
      <Filter>Resource Files</Filter>
    </None>
    <None Include="..\..\scenes\sampleScene6.txt">
      <Filter>Resource Files</Filter>
    </None>
    <None Include="..\..\scenes\Scene.txt">
      <Filter>Resource Files</Filter>
    </None>
    <None Include="sceneCPPBackUp.txt">
      <Filter>Resource Files</Filter>
    </None>
    <None Include="..\..\scenes\MeshScene.txt">
      <Filter>Resource Files</Filter>
    </None>
    <None Include="..\..\scenes\StanfordBunny.txt">
      <Filter>Resource Files</Filter>
    </None>
    <None Include="..\..\scenes\TeapotInCornellBox.txt">
      <Filter>Resource Files</Filter>
    </None>
    <None Include="rayTraceKernalBackUp.txt">
      <Filter>Resource Files</Filter>
    </None>
    <None Include="..\..\scenes\MeshCornellSimple.txt">
      <Filter>Resource Files</Filter>
    </None>
    <None Include="..\..\scenes\sampleScene7.txt">
      <Filter>Resource Files</Filter>
    </None>
  </ItemGroup>
</Project>